
Microsoft Visual Studio Solution File, Format Version 12.00
# Visual Studio Version 16
VisualStudioVersion = 16.0.31112.23
MinimumVisualStudioVersion = 10.0.40219.1
Project("{FAE04EC0-301F-11D3-BF4B-00C04F79EFBC}") = "BinarySearchTree", "BinarySearchTree.csproj", "{77C43DC3-D2E7-45C8-9B07-E27AB09251C9}"
EndProject
Global
	GlobalSection(SolutionConfigurationPlatforms) = preSolution
		Debug|Any CPU = Debug|Any CPU
		Release|Any CPU = Release|Any CPU
	EndGlobalSection
	GlobalSection(ProjectConfigurationPlatforms) = postSolution
		{77C43DC3-D2E7-45C8-9B07-E27AB09251C9}.Debug|Any CPU.ActiveCfg = Debug|Any CPU
		{77C43DC3-D2E7-45C8-9B07-E27AB09251C9}.Debug|Any CPU.Build.0 = Debug|Any CPU
		{77C43DC3-D2E7-45C8-9B07-E27AB09251C9}.Release|Any CPU.ActiveCfg = Release|Any CPU
		{77C43DC3-D2E7-45C8-9B07-E27AB09251C9}.Release|Any CPU.Build.0 = Release|Any CPU
	EndGlobalSection
	GlobalSection(SolutionProperties) = preSolution
		HideSolutionNode = FALSE
	EndGlobalSection
	GlobalSection(ExtensibilityGlobals) = postSolution
		SolutionGuid = {2045CFFD-44E6-44C9-B69B-E767AB93D54B}
	EndGlobalSection
EndGlobal
